
Microsoft Visual Studio Solution File, Format Version 12.00
# Visual Studio Version 16
VisualStudioVersion = 16.0.29926.136
MinimumVisualStudioVersion = 10.0.40219.1
Project("{FAE04EC0-301F-11D3-BF4B-00C04F79EFBC}") = "Mad Lib Story", "Mad Lib Story\Mad Lib Story.csproj", "{0B737F9E-AE55-4DAC-818C-06574CB7E92B}"
EndProject
Global
	GlobalSection(SolutionConfigurationPlatforms) = preSolution
		Debug|Any CPU = Debug|Any CPU
		Release|Any CPU = Release|Any CPU
	EndGlobalSection
	GlobalSection(ProjectConfigurationPlatforms) = postSolution
		{0B737F9E-AE55-4DAC-818C-06574CB7E92B}.Debug|Any CPU.ActiveCfg = Debug|Any CPU
		{0B737F9E-AE55-4DAC-818C-06574CB7E92B}.Debug|Any CPU.Build.0 = Debug|Any CPU
		{0B737F9E-AE55-4DAC-818C-06574CB7E92B}.Release|Any CPU.ActiveCfg = Release|Any CPU
		{0B737F9E-AE55-4DAC-818C-06574CB7E92B}.Release|Any CPU.Build.0 = Release|Any CPU
	EndGlobalSection
	GlobalSection(SolutionProperties) = preSolution
		HideSolutionNode = FALSE
	EndGlobalSection
	GlobalSection(ExtensibilityGlobals) = postSolution
		SolutionGuid = {DF8D3C67-2CB8-4FFA-AABE-4FD9F07888F5}
	EndGlobalSection
EndGlobal
